// !$*UTF8*$!
{
	archiveVersion = 1;
	classes = {
	};
	objectVersion = 50;
	objects = {

/* Begin PBXBuildFile section */
		7623A0DF24BDFBD100069295 /* ViewControllerPage3.swift in Sources */ = {isa = PBXBuildFile; fileRef = 7623A0DE24BDFBD100069295 /* ViewControllerPage3.swift */; };
		76E472D62467AEB2007EC944 /* crayon_1-1.ttf in Resources */ = {isa = PBXBuildFile; fileRef = 76E472D52467AEB2007EC944 /* crayon_1-1.ttf */; };
		76FBB6B624645751000F8417 /* AppDelegate.swift in Sources */ = {isa = PBXBuildFile; fileRef = 76FBB6B524645751000F8417 /* AppDelegate.swift */; };
		76FBB6B824645751000F8417 /* SceneDelegate.swift in Sources */ = {isa = PBXBuildFile; fileRef = 76FBB6B724645751000F8417 /* SceneDelegate.swift */; };
		76FBB6BA24645751000F8417 /* ViewController.swift in Sources */ = {isa = PBXBuildFile; fileRef = 76FBB6B924645751000F8417 /* ViewController.swift */; };
		76FBB6BD24645751000F8417 /* Main.storyboard in Resources */ = {isa = PBXBuildFile; fileRef = 76FBB6BB24645751000F8417 /* Main.storyboard */; };
		76FBB6BF24645752000F8417 /* Assets.xcassets in Resources */ = {isa = PBXBuildFile; fileRef = 76FBB6BE24645752000F8417 /* Assets.xcassets */; };
		76FBB6C224645752000F8417 /* LaunchScreen.storyboard in Resources */ = {isa = PBXBuildFile; fileRef = 76FBB6C024645752000F8417 /* LaunchScreen.storyboard */; };
/* End PBXBuildFile section */

/* Begin PBXFileReference section */
		7623A0DE24BDFBD100069295 /* ViewControllerPage3.swift */ = {isa = PBXFileReference; lastKnownFileType = sourcecode.swift; path = ViewControllerPage3.swift; sourceTree = "<group>"; };
		76E472D52467AEB2007EC944 /* crayon_1-1.ttf */ = {isa = PBXFileReference; lastKnownFileType = file; path = "crayon_1-1.ttf"; sourceTree = "<group>"; };
		76FBB6B224645751000F8417 /* J1090507_Demo.app */ = {isa = PBXFileReference; explicitFileType = wrapper.application; includeInIndex = 0; path = J1090507_Demo.app; sourceTree = BUILT_PRODUCTS_DIR; };
		76FBB6B524645751000F8417 /* AppDelegate.swift */ = {isa = PBXFileReference; lastKnownFileType = sourcecode.swift; path = AppDelegate.swift; sourceTree = "<group>"; };
		76FBB6B724645751000F8417 /* SceneDelegate.swift */ = {isa = PBXFileReference; lastKnownFileType = sourcecode.swift; path = SceneDelegate.swift; sourceTree = "<group>"; };
		76FBB6B924645751000F8417 /* ViewController.swift */ = {isa = PBXFileReference; lastKnownFileType = sourcecode.swift; path = ViewController.swift; sourceTree = "<group>"; };
		76FBB6BC24645751000F8417 /* Base */ = {isa = PBXFileReference; lastKnownFileType = file.storyboard; name = Base; path = Base.lproj/Main.storyboard; sourceTree = "<group>"; };
		76FBB6BE24645752000F8417 /* Assets.xcassets */ = {isa = PBXFileReference; lastKnownFileType = folder.assetcatalog; path = Assets.xcassets; sourceTree = "<group>"; };
		76FBB6C124645752000F8417 /* Base */ = {isa = PBXFileReference; lastKnownFileType = file.storyboard; name = Base; path = Base.lproj/LaunchScreen.storyboard; sourceTree = "<group>"; };
		76FBB6C324645752000F8417 /* Info.plist */ = {isa = PBXFileReference; lastKnownFileType = text.plist.xml; path = Info.plist; sourceTree = "<group>"; };
/* End PBXFileReference section */

/* Begin PBXFrameworksBuildPhase section */
		76FBB6AF24645751000F8417 /* Frameworks */ = {
			isa = PBXFrameworksBuildPhase;
			buildActionMask = 2147483647;
			files = (
			);
			runOnlyForDeploymentPostprocessing = 0;
		};
/* End PBXFrameworksBuildPhase section */

/* Begin PBXGroup section */
		76E472D72469ACCC007EC944 /* Font */ = {
			isa = PBXGroup;
			children = (
				76E472D52467AEB2007EC944 /* crayon_1-1.ttf */,
			);
			path = Font;
			sourceTree = "<group>";
		};
		76FBB6A924645751000F8417 = {
			isa = PBXGroup;
			children = (
				76FBB6B424645751000F8417 /* J1090507_Demo */,
				76FBB6B324645751000F8417 /* Products */,
			);
			sourceTree = "<group>";
		};
		76FBB6B324645751000F8417 /* Products */ = {
			isa = PBXGroup;
			children = (
				76FBB6B224645751000F8417 /* J1090507_Demo.app */,
			);
			name = Products;
			sourceTree = "<group>";
		};
		76FBB6B424645751000F8417 /* J1090507_Demo */ = {
			isa = PBXGroup;
			children = (
				76FBB6B524645751000F8417 /* AppDelegate.swift */,
				76FBB6B724645751000F8417 /* SceneDelegate.swift */,
				76FBB6B924645751000F8417 /* ViewController.swift */,
				76FBB6BB24645751000F8417 /* Main.storyboard */,
				7623A0DE24BDFBD100069295 /* ViewControllerPage3.swift */,
				76FBB6BE24645752000F8417 /* Assets.xcassets */,
				76E472D72469ACCC007EC944 /* Font */,
				76FBB6C024645752000F8417 /* LaunchScreen.storyboard */,
				76FBB6C324645752000F8417 /* Info.plist */,
			);
			path = J1090507_Demo;
			sourceTree = "<group>";
		};
/* End PBXGroup section */

/* Begin PBXNativeTarget section */
		76FBB6B124645751000F8417 /* J1090507_Demo */ = {
			isa = PBXNativeTarget;
			buildConfigurationList = 76FBB6C624645752000F8417 /* Build configuration list for PBXNativeTarget "J1090507_Demo" */;
			buildPhases = (
				76FBB6AE24645751000F8417 /* Sources */,
				76FBB6AF24645751000F8417 /* Frameworks */,
				76FBB6B024645751000F8417 /* Resources */,
			);
			buildRules = (
			);
			dependencies = (
			);
			name = J1090507_Demo;
			productName = J1090507_Demo;
			productReference = 76FBB6B224645751000F8417 /* J1090507_Demo.app */;
			productType = "com.apple.product-type.application";
		};
/* End PBXNativeTarget section */

/* Begin PBXProject section */
		76FBB6AA24645751000F8417 /* Project object */ = {
			isa = PBXProject;
			attributes = {
				LastSwiftUpdateCheck = 1140;
				LastUpgradeCheck = 1140;
				ORGANIZATIONNAME = "Jay Lin";
				TargetAttributes = {
					76FBB6B124645751000F8417 = {
						CreatedOnToolsVersion = 11.4.1;
					};
				};
			};
			buildConfigurationList = 76FBB6AD24645751000F8417 /* Build configuration list for PBXProject "J1090507_Demo" */;
			compatibilityVersion = "Xcode 9.3";
			developmentRegion = en;
			hasScannedForEncodings = 0;
			knownRegions = (
				en,
				Base,
			);
			mainGroup = 76FBB6A924645751000F8417;
			productRefGroup = 76FBB6B324645751000F8417 /* Products */;
			projectDirPath = "";
			projectRoot = "";
			targets = (
				76FBB6B124645751000F8417 /* J1090507_Demo */,
			);
		};
/* End PBXProject section */

/* Begin PBXResourcesBuildPhase section */
		76FBB6B024645751000F8417 /* Resources */ = {
			isa = PBXResourcesBuildPhase;
			buildActionMask = 2147483647;
			files = (
				76E472D62467AEB2007EC944 /* crayon_1-1.ttf in Resources */,
				76FBB6C224645752000F8417 /* LaunchScreen.storyboard in Resources */,
				76FBB6BF24645752000F8417 /* Assets.xcassets in Resources */,
				76FBB6BD24645751000F8417 /* Main.storyboard in Resources */,
			);
			runOnlyForDeploymentPostprocessing = 0;
		};
/* End PBXResourcesBuildPhase section */

/* Begin PBXSourcesBuildPhase section */
		76FBB6AE24645751000F8417 /* Sources */ = {
			isa = PBXSourcesBuildPhase;
			buildActionMask = 2147483647;
			files = (
				76FBB6BA24645751000F8417 /* ViewController.swift in Sources */,
				76FBB6B624645751000F8417 /* AppDelegate.swift in Sources */,
				76FBB6B824645751000F8417 /* SceneDelegate.swift in Sources */,
				7623A0DF24BDFBD100069295 /* ViewControllerPage3.swift in Sources */,
			);
			runOnlyForDeploymentPostprocessing = 0;
		};
/* End PBXSourcesBuildPhase section */

/* Begin PBXVariantGroup section */
		76FBB6BB24645751000F8417 /* Main.storyboard */ = {
			isa = PBXVariantGroup;
			children = (
				76FBB6BC24645751000F8417 /* Base */,
			);
			name = Main.storyboard;
			sourceTree = "<group>";
		};
		76FBB6C024645752000F8417 /* LaunchScreen.storyboard */ = {
			isa = PBXVariantGroup;
			children = (
				76FBB6C124645752000F8417 /* Base */,
			);
			name = LaunchScreen.storyboard;
			sourceTree = "<group>";
		};
/* End PBXVariantGroup section */

/* Begin XCBuildConfiguration section */
		76FBB6C424645752000F8417 /* Debug */ = {
			isa = XCBuildConfiguration;
			buildSettings = {
				ALWAYS_SEARCH_USER_PATHS = NO;
				CLANG_ANALYZER_NONNULL = YES;
				CLANG_ANALYZER_NUMBER_OBJECT_CONVERSION = YES_AGGRESSIVE;
				CLANG_CXX_LANGUAGE_STANDARD = "gnu++14";
				CLANG_CXX_LIBRARY = "libc++";
				CLANG_ENABLE_MODULES = YES;
				CLANG_ENABLE_OBJC_ARC = YES;
				CLANG_ENABLE_OBJC_WEAK = YES;
				CLANG_WARN_BLOCK_CAPTURE_AUTORELEASING = YES;
				CLANG_WARN_BOOL_CONVERSION = YES;
				CLANG_WARN_COMMA = YES;
				CLANG_WARN_CONSTANT_CONVERSION = YES;
				CLANG_WARN_DEPRECATED_OBJC_IMPLEMENTATIONS = YES;
				CLANG_WARN_DIRECT_OBJC_ISA_USAGE = YES_ERROR;
				CLANG_WARN_DOCUMENTATION_COMMENTS = YES;
				CLANG_WARN_EMPTY_BODY = YES;
				CLANG_WARN_ENUM_CONVERSION = YES;
				CLANG_WARN_INFINITE_RECURSION = YES;
				CLANG_WARN_INT_CONVERSION = YES;
				CLANG_WARN_NON_LITERAL_NULL_CONVERSION = YES;
				CLANG_WARN_OBJC_IMPLICIT_RETAIN_SELF = YES;
				CLANG_WARN_OBJC_LITERAL_CONVERSION = YES;
				CLANG_WARN_OBJC_ROOT_CLASS = YES_ERROR;
				CLANG_WARN_RANGE_LOOP_ANALYSIS = YES;
				CLANG_WARN_STRICT_PROTOTYPES = YES;
				CLANG_WARN_SUSPICIOUS_MOVE = YES;
				CLANG_WARN_UNGUARDED_AVAILABILITY = YES_AGGRESSIVE;
				CLANG_WARN_UNREACHABLE_CODE = YES;
				CLANG_WARN__DUPLICATE_METHOD_MATCH = YES;
				COPY_PHASE_STRIP = NO;
				DEBUG_INFORMATION_FORMAT = dwarf;
				ENABLE_STRICT_OBJC_MSGSEND = YES;
				ENABLE_TESTABILITY = YES;
				GCC_C_LANGUAGE_STANDARD = gnu11;
				GCC_DYNAMIC_NO_PIC = NO;
				GCC_NO_COMMON_BLOCKS = YES;
				GCC_OPTIMIZATION_LEVEL = 0;
				GCC_PREPROCESSOR_DEFINITIONS = (
					"DEBUG=1",
					"$(inherited)",
				);
				GCC_WARN_64_TO_32_BIT_CONVERSION = YES;
				GCC_WARN_ABOUT_RETURN_TYPE = YES_ERROR;
				GCC_WARN_UNDECLARED_SELECTOR = YES;
				GCC_WARN_UNINITIALIZED_AUTOS = YES_AGGRESSIVE;
				GCC_WARN_UNUSED_FUNCTION = YES;
				GCC_WARN_UNUSED_VARIABLE = YES;
				IPHONEOS_DEPLOYMENT_TARGET = 13.5;
				MTL_ENABLE_DEBUG_INFO = INCLUDE_SOURCE;
				MTL_FAST_MATH = YES;
				ONLY_ACTIVE_ARCH = YES;
				SDKROOT = iphoneos;
				SWIFT_ACTIVE_COMPILATION_CONDITIONS = DEBUG;
				SWIFT_OPTIMIZATION_LEVEL = "-Onone";
			};
			name = Debug;
		};
		76FBB6C524645752000F8417 /* Release */ = {
			isa = XCBuildConfiguration;
			buildSettings = {
				ALWAYS_SEARCH_USER_PATHS = NO;
				CLANG_ANALYZER_NONNULL = YES;
				CLANG_ANALYZER_NUMBER_OBJECT_CONVERSION = YES_AGGRESSIVE;
				CLANG_CXX_LANGUAGE_STANDARD = "gnu++14";
				CLANG_CXX_LIBRARY = "libc++";
				CLANG_ENABLE_MODULES = YES;
				CLANG_ENABLE_OBJC_ARC = YES;
				CLANG_ENABLE_OBJC_WEAK = YES;
				CLANG_WARN_BLOCK_CAPTURE_AUTORELEASING = YES;
				CLANG_WARN_BOOL_CONVERSION = YES;
				CLANG_WARN_COMMA = YES;
				CLANG_WARN_CONSTANT_CONVERSION = YES;
				CLANG_WARN_DEPRECATED_OBJC_IMPLEMENTATIONS = YES;
				CLANG_WARN_DIRECT_OBJC_ISA_USAGE = YES_ERROR;
				CLANG_WARN_DOCUMENTATION_COMMENTS = YES;
				CLANG_WARN_EMPTY_BODY = YES;
				CLANG_WARN_ENUM_CONVERSION = YES;
				CLANG_WARN_INFINITE_RECURSION = YES;
				CLANG_WARN_INT_CONVERSION = YES;
				CLANG_WARN_NON_LITERAL_NULL_CONVERSION = YES;
				CLANG_WARN_OBJC_IMPLICIT_RETAIN_SELF = YES;
				CLANG_WARN_OBJC_LITERAL_CONVERSION = YES;
				CLANG_WARN_OBJC_ROOT_CLASS = YES_ERROR;
				CLANG_WARN_RANGE_LOOP_ANALYSIS = YES;
				CLANG_WARN_STRICT_PROTOTYPES = YES;
				CLANG_WARN_SUSPICIOUS_MOVE = YES;
				CLANG_WARN_UNGUARDED_AVAILABILITY = YES_AGGRESSIVE;
				CLANG_WARN_UNREACHABLE_CODE = YES;
				CLANG_WARN__DUPLICATE_METHOD_MATCH = YES;
				COPY_PHASE_STRIP = NO;
				DEBUG_INFORMATION_FORMAT = "dwarf-with-dsym";
				ENABLE_NS_ASSERTIONS = NO;
				ENABLE_STRICT_OBJC_MSGSEND = YES;
				GCC_C_LANGUAGE_STANDARD = gnu11;
				GCC_NO_COMMON_BLOCKS = YES;
				GCC_WARN_64_TO_32_BIT_CONVERSION = YES;
				GCC_WARN_ABOUT_RETURN_TYPE = YES_ERROR;
				GCC_WARN_UNDECLARED_SELECTOR = YES;
				GCC_WARN_UNINITIALIZED_AUTOS = YES_AGGRESSIVE;
				GCC_WARN_UNUSED_FUNCTION = YES;
				GCC_WARN_UNUSED_VARIABLE = YES;
				IPHONEOS_DEPLOYMENT_TARGET = 13.5;
				MTL_ENABLE_DEBUG_INFO = NO;
				MTL_FAST_MATH = YES;
				SDKROOT = iphoneos;
				SWIFT_COMPILATION_MODE = wholemodule;
				SWIFT_OPTIMIZATION_LEVEL = "-O";
				VALIDATE_PRODUCT = YES;
			};
			name = Release;
		};
		76FBB6C724645752000F8417 /* Debug */ = {
			isa = XCBuildConfiguration;
			buildSettings = {
				ASSETCATALOG_COMPILER_APPICON_NAME = AppIcon;
				CODE_SIGN_STYLE = Automatic;
				DEVELOPMENT_TEAM = J9TEEXXR3D;
				INFOPLIST_FILE = J1090507_Demo/Info.plist;
				LD_RUNPATH_SEARCH_PATHS = (
					"$(inherited)",
					"@executable_path/Frameworks",
				);
				PRODUCT_BUNDLE_IDENTIFIER = "com.Jay.J1090507-Demo";
				PRODUCT_NAME = "$(TARGET_NAME)";
				SWIFT_VERSION = 5.0;
				TARGETED_DEVICE_FAMILY = "1,2";
			};
			name = Debug;
		};
		76FBB6C824645752000F8417 /* Release */ = {
			isa = XCBuildConfiguration;
			buildSettings = {
				ASSETCATALOG_COMPILER_APPICON_NAME = AppIcon;
				CODE_SIGN_STYLE = Automatic;
				DEVELOPMENT_TEAM = J9TEEXXR3D;
				INFOPLIST_FILE = J1090507_Demo/Info.plist;
				LD_RUNPATH_SEARCH_PATHS = (
					"$(inherited)",
					"@executable_path/Frameworks",
				);
				PRODUCT_BUNDLE_IDENTIFIER = "com.Jay.J1090507-Demo";
				PRODUCT_NAME = "$(TARGET_NAME)";
				SWIFT_VERSION = 5.0;
				TARGETED_DEVICE_FAMILY = "1,2";
			};
			name = Release;
		};
/* End XCBuildConfiguration section */

/* Begin XCConfigurationList section */
		76FBB6AD24645751000F8417 /* Build configuration list for PBXProject "J1090507_Demo" */ = {
			isa = XCConfigurationList;
			buildConfigurations = (
				76FBB6C424645752000F8417 /* Debug */,
				76FBB6C524645752000F8417 /* Release */,
			);
			defaultConfigurationIsVisible = 0;
			defaultConfigurationName = Release;
		};
		76FBB6C624645752000F8417 /* Build configuration list for PBXNativeTarget "J1090507_Demo" */ = {
			isa = XCConfigurationList;
			buildConfigurations = (
				76FBB6C724645752000F8417 /* Debug */,
				76FBB6C824645752000F8417 /* Release */,
			);
			defaultConfigurationIsVisible = 0;
			defaultConfigurationName = Release;
		};
/* End XCConfigurationList section */
	};
	rootObject = 76FBB6AA24645751000F8417 /* Project object */;
}
